
Microsoft Visual Studio Solution File, Format Version 12.00
# Visual Studio Version 16
VisualStudioVersion = 16.0.31005.135
MinimumVisualStudioVersion = 10.0.40219.1
Project("{FAE04EC0-301F-11D3-BF4B-00C04F79EFBC}") = "01. ComputerStore", "01. ComputerStore\01. ComputerStore.csproj", "{81D1D1A3-C2F2-4260-AFF5-D585D922D5F2}"
EndProject
Project("{FAE04EC0-301F-11D3-BF4B-00C04F79EFBC}") = "02. TheLift", "02. TheLift\02. TheLift.csproj", "{2F794EA9-E87F-45AF-8698-AE9F9B52A7FE}"
EndProject
Project("{FAE04EC0-301F-11D3-BF4B-00C04F79EFBC}") = "03. MemoryGame", "03. MemoryGame\03. MemoryGame.csproj", "{27825788-37D8-41D8-985B-34327E974DEE}"
EndProject
Global
	GlobalSection(SolutionConfigurationPlatforms) = preSolution
		Debug|Any CPU = Debug|Any CPU
		Release|Any CPU = Release|Any CPU
	EndGlobalSection
	GlobalSection(ProjectConfigurationPlatforms) = postSolution
		{81D1D1A3-C2F2-4260-AFF5-D585D922D5F2}.Debug|Any CPU.ActiveCfg = Debug|Any CPU
		{81D1D1A3-C2F2-4260-AFF5-D585D922D5F2}.Debug|Any CPU.Build.0 = Debug|Any CPU
		{81D1D1A3-C2F2-4260-AFF5-D585D922D5F2}.Release|Any CPU.ActiveCfg = Release|Any CPU
		{81D1D1A3-C2F2-4260-AFF5-D585D922D5F2}.Release|Any CPU.Build.0 = Release|Any CPU
		{2F794EA9-E87F-45AF-8698-AE9F9B52A7FE}.Debug|Any CPU.ActiveCfg = Debug|Any CPU
		{2F794EA9-E87F-45AF-8698-AE9F9B52A7FE}.Debug|Any CPU.Build.0 = Debug|Any CPU
		{2F794EA9-E87F-45AF-8698-AE9F9B52A7FE}.Release|Any CPU.ActiveCfg = Release|Any CPU
		{2F794EA9-E87F-45AF-8698-AE9F9B52A7FE}.Release|Any CPU.Build.0 = Release|Any CPU
		{27825788-37D8-41D8-985B-34327E974DEE}.Debug|Any CPU.ActiveCfg = Debug|Any CPU
		{27825788-37D8-41D8-985B-34327E974DEE}.Debug|Any CPU.Build.0 = Debug|Any CPU
		{27825788-37D8-41D8-985B-34327E974DEE}.Release|Any CPU.ActiveCfg = Release|Any CPU
		{27825788-37D8-41D8-985B-34327E974DEE}.Release|Any CPU.Build.0 = Release|Any CPU
	EndGlobalSection
	GlobalSection(SolutionProperties) = preSolution
		HideSolutionNode = FALSE
	EndGlobalSection
	GlobalSection(ExtensibilityGlobals) = postSolution
		SolutionGuid = {128EE707-5DD7-493A-825C-C4B37D602BBD}
	EndGlobalSection
EndGlobal
