
Microsoft Visual Studio Solution File, Format Version 12.00
# Visual Studio Version 16
VisualStudioVersion = 16.0.31005.135
MinimumVisualStudioVersion = 10.0.40219.1
Project("{9A19103F-16F7-4668-BE54-9A1E7A4F7556}") = "01. BonusScoringSystem", "01. BonusScoringSystem\01. BonusScoringSystem.csproj", "{5D8618F1-A7F3-4A13-A717-99C6B8C9836F}"
EndProject
Project("{9A19103F-16F7-4668-BE54-9A1E7A4F7556}") = "02. MuOnline", "02. MuOnline\02. MuOnline.csproj", "{AEF9BC5E-7BE8-406B-B0A9-FBE04ED31AA3}"
EndProject
Project("{9A19103F-16F7-4668-BE54-9A1E7A4F7556}") = "03. Inventory", "03. Inventory\03. Inventory.csproj", "{465A4637-DC13-4C5C-85C3-C2430248F617}"
EndProject
Project("{FAE04EC0-301F-11D3-BF4B-00C04F79EFBC}") = "SandBox", "SandBox\SandBox.csproj", "{AA29AC0C-A8DD-4F7F-A2F2-C4875969D58A}"
EndProject
Global
	GlobalSection(SolutionConfigurationPlatforms) = preSolution
		Debug|Any CPU = Debug|Any CPU
		Release|Any CPU = Release|Any CPU
	EndGlobalSection
	GlobalSection(ProjectConfigurationPlatforms) = postSolution
		{5D8618F1-A7F3-4A13-A717-99C6B8C9836F}.Debug|Any CPU.ActiveCfg = Debug|Any CPU
		{5D8618F1-A7F3-4A13-A717-99C6B8C9836F}.Debug|Any CPU.Build.0 = Debug|Any CPU
		{5D8618F1-A7F3-4A13-A717-99C6B8C9836F}.Release|Any CPU.ActiveCfg = Release|Any CPU
		{5D8618F1-A7F3-4A13-A717-99C6B8C9836F}.Release|Any CPU.Build.0 = Release|Any CPU
		{AEF9BC5E-7BE8-406B-B0A9-FBE04ED31AA3}.Debug|Any CPU.ActiveCfg = Debug|Any CPU
		{AEF9BC5E-7BE8-406B-B0A9-FBE04ED31AA3}.Debug|Any CPU.Build.0 = Debug|Any CPU
		{AEF9BC5E-7BE8-406B-B0A9-FBE04ED31AA3}.Release|Any CPU.ActiveCfg = Release|Any CPU
		{AEF9BC5E-7BE8-406B-B0A9-FBE04ED31AA3}.Release|Any CPU.Build.0 = Release|Any CPU
		{465A4637-DC13-4C5C-85C3-C2430248F617}.Debug|Any CPU.ActiveCfg = Debug|Any CPU
		{465A4637-DC13-4C5C-85C3-C2430248F617}.Debug|Any CPU.Build.0 = Debug|Any CPU
		{465A4637-DC13-4C5C-85C3-C2430248F617}.Release|Any CPU.ActiveCfg = Release|Any CPU
		{465A4637-DC13-4C5C-85C3-C2430248F617}.Release|Any CPU.Build.0 = Release|Any CPU
		{AA29AC0C-A8DD-4F7F-A2F2-C4875969D58A}.Debug|Any CPU.ActiveCfg = Debug|Any CPU
		{AA29AC0C-A8DD-4F7F-A2F2-C4875969D58A}.Debug|Any CPU.Build.0 = Debug|Any CPU
		{AA29AC0C-A8DD-4F7F-A2F2-C4875969D58A}.Release|Any CPU.ActiveCfg = Release|Any CPU
		{AA29AC0C-A8DD-4F7F-A2F2-C4875969D58A}.Release|Any CPU.Build.0 = Release|Any CPU
	EndGlobalSection
	GlobalSection(SolutionProperties) = preSolution
		HideSolutionNode = FALSE
	EndGlobalSection
	GlobalSection(ExtensibilityGlobals) = postSolution
		SolutionGuid = {C58527F6-CDBD-4B65-A766-FA882691C189}
	EndGlobalSection
EndGlobal
