
Microsoft Visual Studio Solution File, Format Version 12.00
# Visual Studio Version 16
VisualStudioVersion = 16.0.31005.135
MinimumVisualStudioVersion = 10.0.40219.1
Project("{9A19103F-16F7-4668-BE54-9A1E7A4F7556}") = "01. SoftUniReception", "01. SoftUniReception\01. SoftUniReception.csproj", "{290C3B89-5798-4024-AFAF-97B95DDEA55B}"
EndProject
Project("{9A19103F-16F7-4668-BE54-9A1E7A4F7556}") = "02. ArrayModifier", "02. ArrayModifier\02. ArrayModifier.csproj", "{163BA790-D5FD-4BDD-9EF0-9F8700A6FF33}"
EndProject
Project("{FAE04EC0-301F-11D3-BF4B-00C04F79EFBC}") = "03. Numbers", "03. Numbers\03. Numbers.csproj", "{3A381EAA-0F17-4C7E-ACB1-75CF88B191BA}"
EndProject
Global
	GlobalSection(SolutionConfigurationPlatforms) = preSolution
		Debug|Any CPU = Debug|Any CPU
		Release|Any CPU = Release|Any CPU
	EndGlobalSection
	GlobalSection(ProjectConfigurationPlatforms) = postSolution
		{290C3B89-5798-4024-AFAF-97B95DDEA55B}.Debug|Any CPU.ActiveCfg = Debug|Any CPU
		{290C3B89-5798-4024-AFAF-97B95DDEA55B}.Debug|Any CPU.Build.0 = Debug|Any CPU
		{290C3B89-5798-4024-AFAF-97B95DDEA55B}.Release|Any CPU.ActiveCfg = Release|Any CPU
		{290C3B89-5798-4024-AFAF-97B95DDEA55B}.Release|Any CPU.Build.0 = Release|Any CPU
		{163BA790-D5FD-4BDD-9EF0-9F8700A6FF33}.Debug|Any CPU.ActiveCfg = Debug|Any CPU
		{163BA790-D5FD-4BDD-9EF0-9F8700A6FF33}.Debug|Any CPU.Build.0 = Debug|Any CPU
		{163BA790-D5FD-4BDD-9EF0-9F8700A6FF33}.Release|Any CPU.ActiveCfg = Release|Any CPU
		{163BA790-D5FD-4BDD-9EF0-9F8700A6FF33}.Release|Any CPU.Build.0 = Release|Any CPU
		{3A381EAA-0F17-4C7E-ACB1-75CF88B191BA}.Debug|Any CPU.ActiveCfg = Debug|Any CPU
		{3A381EAA-0F17-4C7E-ACB1-75CF88B191BA}.Debug|Any CPU.Build.0 = Debug|Any CPU
		{3A381EAA-0F17-4C7E-ACB1-75CF88B191BA}.Release|Any CPU.ActiveCfg = Release|Any CPU
		{3A381EAA-0F17-4C7E-ACB1-75CF88B191BA}.Release|Any CPU.Build.0 = Release|Any CPU
	EndGlobalSection
	GlobalSection(SolutionProperties) = preSolution
		HideSolutionNode = FALSE
	EndGlobalSection
	GlobalSection(ExtensibilityGlobals) = postSolution
		SolutionGuid = {59F8C98F-47D6-4447-B585-09E483463466}
	EndGlobalSection
EndGlobal
