
Microsoft Visual Studio Solution File, Format Version 12.00
# Visual Studio Version 16
VisualStudioVersion = 16.0.31005.135
MinimumVisualStudioVersion = 10.0.40219.1
Project("{FAE04EC0-301F-11D3-BF4B-00C04F79EFBC}") = "01. EncryptSortAndPrintArray", "01. EncryptSortAndPrintArray\01. EncryptSortAndPrintArray.csproj", "{55B44711-8A3D-46C4-B308-A6249F464EA8}"
EndProject
Project("{FAE04EC0-301F-11D3-BF4B-00C04F79EFBC}") = "02. PascalTriangle", "02. PascalTriangle\02. PascalTriangle.csproj", "{39924126-84DF-4A9F-B028-80950EE73881}"
EndProject
Project("{FAE04EC0-301F-11D3-BF4B-00C04F79EFBC}") = "03. RecursiveFibonacci", "03. RecursiveFibonacci\03. RecursiveFibonacci.csproj", "{D28694AD-484C-4FC2-A2A0-6F9EBBA2B8FE}"
EndProject
Global
	GlobalSection(SolutionConfigurationPlatforms) = preSolution
		Debug|Any CPU = Debug|Any CPU
		Release|Any CPU = Release|Any CPU
	EndGlobalSection
	GlobalSection(ProjectConfigurationPlatforms) = postSolution
		{55B44711-8A3D-46C4-B308-A6249F464EA8}.Debug|Any CPU.ActiveCfg = Debug|Any CPU
		{55B44711-8A3D-46C4-B308-A6249F464EA8}.Debug|Any CPU.Build.0 = Debug|Any CPU
		{55B44711-8A3D-46C4-B308-A6249F464EA8}.Release|Any CPU.ActiveCfg = Release|Any CPU
		{55B44711-8A3D-46C4-B308-A6249F464EA8}.Release|Any CPU.Build.0 = Release|Any CPU
		{39924126-84DF-4A9F-B028-80950EE73881}.Debug|Any CPU.ActiveCfg = Debug|Any CPU
		{39924126-84DF-4A9F-B028-80950EE73881}.Debug|Any CPU.Build.0 = Debug|Any CPU
		{39924126-84DF-4A9F-B028-80950EE73881}.Release|Any CPU.ActiveCfg = Release|Any CPU
		{39924126-84DF-4A9F-B028-80950EE73881}.Release|Any CPU.Build.0 = Release|Any CPU
		{D28694AD-484C-4FC2-A2A0-6F9EBBA2B8FE}.Debug|Any CPU.ActiveCfg = Debug|Any CPU
		{D28694AD-484C-4FC2-A2A0-6F9EBBA2B8FE}.Debug|Any CPU.Build.0 = Debug|Any CPU
		{D28694AD-484C-4FC2-A2A0-6F9EBBA2B8FE}.Release|Any CPU.ActiveCfg = Release|Any CPU
		{D28694AD-484C-4FC2-A2A0-6F9EBBA2B8FE}.Release|Any CPU.Build.0 = Release|Any CPU
	EndGlobalSection
	GlobalSection(SolutionProperties) = preSolution
		HideSolutionNode = FALSE
	EndGlobalSection
	GlobalSection(ExtensibilityGlobals) = postSolution
		SolutionGuid = {D180A1EE-FC51-4F51-ACED-3C42D5EAA870}
	EndGlobalSection
EndGlobal
