
Microsoft Visual Studio Solution File, Format Version 12.00
# Visual Studio Version 16
VisualStudioVersion = 16.0.31005.135
MinimumVisualStudioVersion = 10.0.40219.1
Project("{9A19103F-16F7-4668-BE54-9A1E7A4F7556}") = "01. SignOfIntegerNumbers", "1. SignOfIntegerNumbers\01. SignOfIntegerNumbers.csproj", "{B7383D30-50F3-4EF9-BB09-2749A7BD2728}"
EndProject
Project("{9A19103F-16F7-4668-BE54-9A1E7A4F7556}") = "02. Grades", "02. Grades\02. Grades.csproj", "{289F625A-03C7-42B5-8AEB-9BE51DB29A1A}"
EndProject
Project("{9A19103F-16F7-4668-BE54-9A1E7A4F7556}") = "03. Calculations", "03. Calculations\03. Calculations.csproj", "{B7D43227-8C3C-4DD4-B845-5BB575D3E57D}"
EndProject
Project("{9A19103F-16F7-4668-BE54-9A1E7A4F7556}") = "04. PrintingTriangle", "04. PrintingTriangle\04. PrintingTriangle.csproj", "{9DD1C3A4-FBA9-4255-9FF7-BC9B8332FD0A}"
EndProject
Project("{9A19103F-16F7-4668-BE54-9A1E7A4F7556}") = "05. Orders", "05. Orders\05. Orders.csproj", "{C23CC87D-C2A9-4C2E-B3E9-CA63CF8A8F9B}"
EndProject
Project("{9A19103F-16F7-4668-BE54-9A1E7A4F7556}") = "06. CalculateRectangleArea", "06. CalculateRectangleArea\06. CalculateRectangleArea.csproj", "{13B5D169-BC7F-450D-8CA4-4283B9E8A78A}"
EndProject
Project("{9A19103F-16F7-4668-BE54-9A1E7A4F7556}") = "07. RepeatString", "07. RepeatString\07. RepeatString.csproj", "{CF394AE5-1125-47DA-B445-FD3ED1AACCAD}"
EndProject
Project("{FAE04EC0-301F-11D3-BF4B-00C04F79EFBC}") = "08. MathPower", "08. MathPower\08. MathPower.csproj", "{F60A9C9E-F926-4966-82F9-214394F8A194}"
EndProject
Project("{FAE04EC0-301F-11D3-BF4B-00C04F79EFBC}") = "09. GreaterОfTwoValues", "09. GreaterОfTwoValues\09. GreaterОfTwoValues.csproj", "{4BD7A5BD-D8FF-4756-A83A-FD7808EE81EA}"
EndProject
Global
	GlobalSection(SolutionConfigurationPlatforms) = preSolution
		Debug|Any CPU = Debug|Any CPU
		Release|Any CPU = Release|Any CPU
	EndGlobalSection
	GlobalSection(ProjectConfigurationPlatforms) = postSolution
		{B7383D30-50F3-4EF9-BB09-2749A7BD2728}.Debug|Any CPU.ActiveCfg = Debug|Any CPU
		{B7383D30-50F3-4EF9-BB09-2749A7BD2728}.Debug|Any CPU.Build.0 = Debug|Any CPU
		{B7383D30-50F3-4EF9-BB09-2749A7BD2728}.Release|Any CPU.ActiveCfg = Release|Any CPU
		{B7383D30-50F3-4EF9-BB09-2749A7BD2728}.Release|Any CPU.Build.0 = Release|Any CPU
		{289F625A-03C7-42B5-8AEB-9BE51DB29A1A}.Debug|Any CPU.ActiveCfg = Debug|Any CPU
		{289F625A-03C7-42B5-8AEB-9BE51DB29A1A}.Debug|Any CPU.Build.0 = Debug|Any CPU
		{289F625A-03C7-42B5-8AEB-9BE51DB29A1A}.Release|Any CPU.ActiveCfg = Release|Any CPU
		{289F625A-03C7-42B5-8AEB-9BE51DB29A1A}.Release|Any CPU.Build.0 = Release|Any CPU
		{B7D43227-8C3C-4DD4-B845-5BB575D3E57D}.Debug|Any CPU.ActiveCfg = Debug|Any CPU
		{B7D43227-8C3C-4DD4-B845-5BB575D3E57D}.Debug|Any CPU.Build.0 = Debug|Any CPU
		{B7D43227-8C3C-4DD4-B845-5BB575D3E57D}.Release|Any CPU.ActiveCfg = Release|Any CPU
		{B7D43227-8C3C-4DD4-B845-5BB575D3E57D}.Release|Any CPU.Build.0 = Release|Any CPU
		{9DD1C3A4-FBA9-4255-9FF7-BC9B8332FD0A}.Debug|Any CPU.ActiveCfg = Debug|Any CPU
		{9DD1C3A4-FBA9-4255-9FF7-BC9B8332FD0A}.Debug|Any CPU.Build.0 = Debug|Any CPU
		{9DD1C3A4-FBA9-4255-9FF7-BC9B8332FD0A}.Release|Any CPU.ActiveCfg = Release|Any CPU
		{9DD1C3A4-FBA9-4255-9FF7-BC9B8332FD0A}.Release|Any CPU.Build.0 = Release|Any CPU
		{C23CC87D-C2A9-4C2E-B3E9-CA63CF8A8F9B}.Debug|Any CPU.ActiveCfg = Debug|Any CPU
		{C23CC87D-C2A9-4C2E-B3E9-CA63CF8A8F9B}.Debug|Any CPU.Build.0 = Debug|Any CPU
		{C23CC87D-C2A9-4C2E-B3E9-CA63CF8A8F9B}.Release|Any CPU.ActiveCfg = Release|Any CPU
		{C23CC87D-C2A9-4C2E-B3E9-CA63CF8A8F9B}.Release|Any CPU.Build.0 = Release|Any CPU
		{13B5D169-BC7F-450D-8CA4-4283B9E8A78A}.Debug|Any CPU.ActiveCfg = Debug|Any CPU
		{13B5D169-BC7F-450D-8CA4-4283B9E8A78A}.Debug|Any CPU.Build.0 = Debug|Any CPU
		{13B5D169-BC7F-450D-8CA4-4283B9E8A78A}.Release|Any CPU.ActiveCfg = Release|Any CPU
		{13B5D169-BC7F-450D-8CA4-4283B9E8A78A}.Release|Any CPU.Build.0 = Release|Any CPU
		{CF394AE5-1125-47DA-B445-FD3ED1AACCAD}.Debug|Any CPU.ActiveCfg = Debug|Any CPU
		{CF394AE5-1125-47DA-B445-FD3ED1AACCAD}.Debug|Any CPU.Build.0 = Debug|Any CPU
		{CF394AE5-1125-47DA-B445-FD3ED1AACCAD}.Release|Any CPU.ActiveCfg = Release|Any CPU
		{CF394AE5-1125-47DA-B445-FD3ED1AACCAD}.Release|Any CPU.Build.0 = Release|Any CPU
		{F60A9C9E-F926-4966-82F9-214394F8A194}.Debug|Any CPU.ActiveCfg = Debug|Any CPU
		{F60A9C9E-F926-4966-82F9-214394F8A194}.Debug|Any CPU.Build.0 = Debug|Any CPU
		{F60A9C9E-F926-4966-82F9-214394F8A194}.Release|Any CPU.ActiveCfg = Release|Any CPU
		{F60A9C9E-F926-4966-82F9-214394F8A194}.Release|Any CPU.Build.0 = Release|Any CPU
		{4BD7A5BD-D8FF-4756-A83A-FD7808EE81EA}.Debug|Any CPU.ActiveCfg = Debug|Any CPU
		{4BD7A5BD-D8FF-4756-A83A-FD7808EE81EA}.Debug|Any CPU.Build.0 = Debug|Any CPU
		{4BD7A5BD-D8FF-4756-A83A-FD7808EE81EA}.Release|Any CPU.ActiveCfg = Release|Any CPU
		{4BD7A5BD-D8FF-4756-A83A-FD7808EE81EA}.Release|Any CPU.Build.0 = Release|Any CPU
	EndGlobalSection
	GlobalSection(SolutionProperties) = preSolution
		HideSolutionNode = FALSE
	EndGlobalSection
	GlobalSection(ExtensibilityGlobals) = postSolution
		SolutionGuid = {F2431EF6-A8B6-4DCF-849C-28CEDABB2200}
	EndGlobalSection
EndGlobal
