
Microsoft Visual Studio Solution File, Format Version 12.00
# Visual Studio Version 16
VisualStudioVersion = 16.0.31005.135
MinimumVisualStudioVersion = 10.0.40219.1
Project("{9A19103F-16F7-4668-BE54-9A1E7A4F7556}") = "01. SecretChat", "01. SecretChat\01. SecretChat.csproj", "{1E35F08E-84F0-4495-9272-0F2609DF1A2C}"
EndProject
Project("{9A19103F-16F7-4668-BE54-9A1E7A4F7556}") = "02. MirrorWords", "02. MirrorWords\02. MirrorWords.csproj", "{6D6DD200-1868-45A8-A2E4-6791E1833C9F}"
EndProject
Project("{9A19103F-16F7-4668-BE54-9A1E7A4F7556}") = "03. NeedForSpeedIII", "03. NeedForSpeedIII\03. NeedForSpeedIII.csproj", "{422B7F57-52B6-4A6C-BC8A-70CA35CB424B}"
EndProject
Project("{FAE04EC0-301F-11D3-BF4B-00C04F79EFBC}") = "SandBox", "SandBox\SandBox.csproj", "{D756A108-7EEC-4995-90FF-C05D3E2F0846}"
EndProject
Global
	GlobalSection(SolutionConfigurationPlatforms) = preSolution
		Debug|Any CPU = Debug|Any CPU
		Release|Any CPU = Release|Any CPU
	EndGlobalSection
	GlobalSection(ProjectConfigurationPlatforms) = postSolution
		{1E35F08E-84F0-4495-9272-0F2609DF1A2C}.Debug|Any CPU.ActiveCfg = Debug|Any CPU
		{1E35F08E-84F0-4495-9272-0F2609DF1A2C}.Debug|Any CPU.Build.0 = Debug|Any CPU
		{1E35F08E-84F0-4495-9272-0F2609DF1A2C}.Release|Any CPU.ActiveCfg = Release|Any CPU
		{1E35F08E-84F0-4495-9272-0F2609DF1A2C}.Release|Any CPU.Build.0 = Release|Any CPU
		{6D6DD200-1868-45A8-A2E4-6791E1833C9F}.Debug|Any CPU.ActiveCfg = Debug|Any CPU
		{6D6DD200-1868-45A8-A2E4-6791E1833C9F}.Debug|Any CPU.Build.0 = Debug|Any CPU
		{6D6DD200-1868-45A8-A2E4-6791E1833C9F}.Release|Any CPU.ActiveCfg = Release|Any CPU
		{6D6DD200-1868-45A8-A2E4-6791E1833C9F}.Release|Any CPU.Build.0 = Release|Any CPU
		{422B7F57-52B6-4A6C-BC8A-70CA35CB424B}.Debug|Any CPU.ActiveCfg = Debug|Any CPU
		{422B7F57-52B6-4A6C-BC8A-70CA35CB424B}.Debug|Any CPU.Build.0 = Debug|Any CPU
		{422B7F57-52B6-4A6C-BC8A-70CA35CB424B}.Release|Any CPU.ActiveCfg = Release|Any CPU
		{422B7F57-52B6-4A6C-BC8A-70CA35CB424B}.Release|Any CPU.Build.0 = Release|Any CPU
		{D756A108-7EEC-4995-90FF-C05D3E2F0846}.Debug|Any CPU.ActiveCfg = Debug|Any CPU
		{D756A108-7EEC-4995-90FF-C05D3E2F0846}.Debug|Any CPU.Build.0 = Debug|Any CPU
		{D756A108-7EEC-4995-90FF-C05D3E2F0846}.Release|Any CPU.ActiveCfg = Release|Any CPU
		{D756A108-7EEC-4995-90FF-C05D3E2F0846}.Release|Any CPU.Build.0 = Release|Any CPU
	EndGlobalSection
	GlobalSection(SolutionProperties) = preSolution
		HideSolutionNode = FALSE
	EndGlobalSection
	GlobalSection(ExtensibilityGlobals) = postSolution
		SolutionGuid = {6F630EF3-741F-48E6-94C9-9EB203B1FB8E}
	EndGlobalSection
EndGlobal
