
Microsoft Visual Studio Solution File, Format Version 12.00
# Visual Studio Version 16
VisualStudioVersion = 16.0.31005.135
MinimumVisualStudioVersion = 10.0.40219.1
Project("{9A19103F-16F7-4668-BE54-9A1E7A4F7556}") = "01. ActivationKeys", "01. ActivationKeys\01. ActivationKeys.csproj", "{BC406C79-401B-4E2A-AAAC-8D12758F6D6A}"
EndProject
Project("{9A19103F-16F7-4668-BE54-9A1E7A4F7556}") = "02. EmojiDetector", "02. EmojiDetector\02. EmojiDetector.csproj", "{FCB6932A-D7BB-47C2-BBCF-48D8E8900467}"
EndProject
Project("{9A19103F-16F7-4668-BE54-9A1E7A4F7556}") = "03. P!rates", "03. P!rates\03. P!rates.csproj", "{12C4B819-DC13-443E-81EF-9842E4CD6075}"
EndProject
Project("{9A19103F-16F7-4668-BE54-9A1E7A4F7556}") = "03. P!rates_2", "SandBox\03. P!rates_2.csproj", "{C3D89A0F-0BC8-4AAC-8F1A-0F3DFE16A645}"
EndProject
Global
	GlobalSection(SolutionConfigurationPlatforms) = preSolution
		Debug|Any CPU = Debug|Any CPU
		Release|Any CPU = Release|Any CPU
	EndGlobalSection
	GlobalSection(ProjectConfigurationPlatforms) = postSolution
		{BC406C79-401B-4E2A-AAAC-8D12758F6D6A}.Debug|Any CPU.ActiveCfg = Debug|Any CPU
		{BC406C79-401B-4E2A-AAAC-8D12758F6D6A}.Debug|Any CPU.Build.0 = Debug|Any CPU
		{BC406C79-401B-4E2A-AAAC-8D12758F6D6A}.Release|Any CPU.ActiveCfg = Release|Any CPU
		{BC406C79-401B-4E2A-AAAC-8D12758F6D6A}.Release|Any CPU.Build.0 = Release|Any CPU
		{FCB6932A-D7BB-47C2-BBCF-48D8E8900467}.Debug|Any CPU.ActiveCfg = Debug|Any CPU
		{FCB6932A-D7BB-47C2-BBCF-48D8E8900467}.Debug|Any CPU.Build.0 = Debug|Any CPU
		{FCB6932A-D7BB-47C2-BBCF-48D8E8900467}.Release|Any CPU.ActiveCfg = Release|Any CPU
		{FCB6932A-D7BB-47C2-BBCF-48D8E8900467}.Release|Any CPU.Build.0 = Release|Any CPU
		{12C4B819-DC13-443E-81EF-9842E4CD6075}.Debug|Any CPU.ActiveCfg = Debug|Any CPU
		{12C4B819-DC13-443E-81EF-9842E4CD6075}.Debug|Any CPU.Build.0 = Debug|Any CPU
		{12C4B819-DC13-443E-81EF-9842E4CD6075}.Release|Any CPU.ActiveCfg = Release|Any CPU
		{12C4B819-DC13-443E-81EF-9842E4CD6075}.Release|Any CPU.Build.0 = Release|Any CPU
		{C3D89A0F-0BC8-4AAC-8F1A-0F3DFE16A645}.Debug|Any CPU.ActiveCfg = Debug|Any CPU
		{C3D89A0F-0BC8-4AAC-8F1A-0F3DFE16A645}.Debug|Any CPU.Build.0 = Debug|Any CPU
		{C3D89A0F-0BC8-4AAC-8F1A-0F3DFE16A645}.Release|Any CPU.ActiveCfg = Release|Any CPU
		{C3D89A0F-0BC8-4AAC-8F1A-0F3DFE16A645}.Release|Any CPU.Build.0 = Release|Any CPU
	EndGlobalSection
	GlobalSection(SolutionProperties) = preSolution
		HideSolutionNode = FALSE
	EndGlobalSection
	GlobalSection(ExtensibilityGlobals) = postSolution
		SolutionGuid = {C246F3B2-428D-4544-8FC1-21F34813A1DA}
	EndGlobalSection
EndGlobal
